// !$*UTF8*$!
{
	archiveVersion = 1;
	classes = {
	};
	objectVersion = 45;
	objects = {

/* Begin PBXBuildFile section */
		1D60589B0D05DD56006BFB54 /* main.m in Sources */ = {isa = PBXBuildFile; fileRef = 29B97316FDCFA39411CA2CEA /* main.m */; };
		1D60589F0D05DD5A006BFB54 /* Foundation.framework in Frameworks */ = {isa = PBXBuildFile; fileRef = 1D30AB110D05D00D00671497 /* Foundation.framework */; };
		1DF5F4E00D08C38300B7A737 /* UIKit.framework in Frameworks */ = {isa = PBXBuildFile; fileRef = 1DF5F4DF0D08C38300B7A737 /* UIKit.framework */; };
		2899E5220DE3E06400AC0155 /* UIXGalleryViewController.xib in Resources */ = {isa = PBXBuildFile; fileRef = 2899E5210DE3E06400AC0155 /* UIXGalleryViewController.xib */; };
		28AD733F0D9D9553002E5188 /* MainWindow.xib in Resources */ = {isa = PBXBuildFile; fileRef = 28AD733E0D9D9553002E5188 /* MainWindow.xib */; };
		9F02462B12D62ED700A2C93D /* icon_arrow_left.png in Resources */ = {isa = PBXBuildFile; fileRef = 9F02462812D62ED700A2C93D /* icon_arrow_left.png */; };
		9F02462C12D62ED700A2C93D /* icon_arrow_right.png in Resources */ = {isa = PBXBuildFile; fileRef = 9F02462912D62ED700A2C93D /* icon_arrow_right.png */; };
		9F02462D12D62ED700A2C93D /* image0.jpg in Resources */ = {isa = PBXBuildFile; fileRef = 9F02462A12D62ED700A2C93D /* image0.jpg */; };
		9F05772A12D3C05200A6E745 /* QuartzCore.framework in Frameworks */ = {isa = PBXBuildFile; fileRef = 9F05772912D3C05200A6E745 /* QuartzCore.framework */; };
		9F05773212D3C06700A6E745 /* CoreGraphics.framework in Frameworks */ = {isa = PBXBuildFile; fileRef = 9F05773112D3C06700A6E745 /* CoreGraphics.framework */; };
		9F0D49B812DE113700210CA7 /* image1.jpg in Resources */ = {isa = PBXBuildFile; fileRef = 9F0D49B612DE113700210CA7 /* image1.jpg */; };
		9F0D49B912DE113700210CA7 /* image2.png in Resources */ = {isa = PBXBuildFile; fileRef = 9F0D49B712DE113700210CA7 /* image2.png */; };
		9F0D49D412DE146200210CA7 /* image3.jpg in Resources */ = {isa = PBXBuildFile; fileRef = 9F0D49D312DE146200210CA7 /* image3.jpg */; };
		9F0D4A9A12DE4B7300210CA7 /* UIXGalleryController.m in Sources */ = {isa = PBXBuildFile; fileRef = 9F0D4A9912DE4B7300210CA7 /* UIXGalleryController.m */; };
		9F0D4AA512DE4B8100210CA7 /* DatasourceItem.m in Sources */ = {isa = PBXBuildFile; fileRef = 9F0D4A9C12DE4B8100210CA7 /* DatasourceItem.m */; };
		9F0D4AA612DE4B8100210CA7 /* DelayedDatasourceItem.m in Sources */ = {isa = PBXBuildFile; fileRef = 9F0D4A9E12DE4B8100210CA7 /* DelayedDatasourceItem.m */; };
		9F0D4AA712DE4B8100210CA7 /* GalleryDatasource.m in Sources */ = {isa = PBXBuildFile; fileRef = 9F0D4AA012DE4B8100210CA7 /* GalleryDatasource.m */; };
		9F0D4AA812DE4B8100210CA7 /* UIXGalleryAppDelegate.m in Sources */ = {isa = PBXBuildFile; fileRef = 9F0D4AA212DE4B8100210CA7 /* UIXGalleryAppDelegate.m */; };
		9F0D4AA912DE4B8100210CA7 /* UIXGalleryViewController.m in Sources */ = {isa = PBXBuildFile; fileRef = 9F0D4AA412DE4B8100210CA7 /* UIXGalleryViewController.m */; };
/* End PBXBuildFile section */

/* Begin PBXFileReference section */
		1D30AB110D05D00D00671497 /* Foundation.framework */ = {isa = PBXFileReference; lastKnownFileType = wrapper.framework; name = Foundation.framework; path = System/Library/Frameworks/Foundation.framework; sourceTree = SDKROOT; };
		1D6058910D05DD3D006BFB54 /* UIXGallery.app */ = {isa = PBXFileReference; explicitFileType = wrapper.application; includeInIndex = 0; path = UIXGallery.app; sourceTree = BUILT_PRODUCTS_DIR; };
		1DF5F4DF0D08C38300B7A737 /* UIKit.framework */ = {isa = PBXFileReference; lastKnownFileType = wrapper.framework; name = UIKit.framework; path = System/Library/Frameworks/UIKit.framework; sourceTree = SDKROOT; };
		2899E5210DE3E06400AC0155 /* UIXGalleryViewController.xib */ = {isa = PBXFileReference; lastKnownFileType = file.xib; path = UIXGalleryViewController.xib; sourceTree = "<group>"; };
		28AD733E0D9D9553002E5188 /* MainWindow.xib */ = {isa = PBXFileReference; lastKnownFileType = file.xib; path = MainWindow.xib; sourceTree = "<group>"; };
		29B97316FDCFA39411CA2CEA /* main.m */ = {isa = PBXFileReference; fileEncoding = 4; lastKnownFileType = sourcecode.c.objc; path = main.m; sourceTree = "<group>"; };
		32CA4F630368D1EE00C91783 /* UIXGallery_Prefix.pch */ = {isa = PBXFileReference; fileEncoding = 4; lastKnownFileType = sourcecode.c.h; path = UIXGallery_Prefix.pch; sourceTree = "<group>"; };
		8D1107310486CEB800E47090 /* UIXGallery-Info.plist */ = {isa = PBXFileReference; fileEncoding = 4; lastKnownFileType = text.plist.xml; path = "UIXGallery-Info.plist"; plistStructureDefinitionIdentifier = "com.apple.xcode.plist.structure-definition.iphone.info-plist"; sourceTree = "<group>"; };
		9F02462812D62ED700A2C93D /* icon_arrow_left.png */ = {isa = PBXFileReference; lastKnownFileType = image.png; path = icon_arrow_left.png; sourceTree = "<group>"; };
		9F02462912D62ED700A2C93D /* icon_arrow_right.png */ = {isa = PBXFileReference; lastKnownFileType = image.png; path = icon_arrow_right.png; sourceTree = "<group>"; };
		9F02462A12D62ED700A2C93D /* image0.jpg */ = {isa = PBXFileReference; lastKnownFileType = image.jpeg; path = image0.jpg; sourceTree = "<group>"; };
		9F05772912D3C05200A6E745 /* QuartzCore.framework */ = {isa = PBXFileReference; lastKnownFileType = wrapper.framework; name = QuartzCore.framework; path = System/Library/Frameworks/QuartzCore.framework; sourceTree = SDKROOT; };
		9F05773112D3C06700A6E745 /* CoreGraphics.framework */ = {isa = PBXFileReference; lastKnownFileType = wrapper.framework; name = CoreGraphics.framework; path = System/Library/Frameworks/CoreGraphics.framework; sourceTree = SDKROOT; };
		9F0D49B612DE113700210CA7 /* image1.jpg */ = {isa = PBXFileReference; lastKnownFileType = image.jpeg; path = image1.jpg; sourceTree = "<group>"; };
		9F0D49B712DE113700210CA7 /* image2.png */ = {isa = PBXFileReference; lastKnownFileType = image.png; path = image2.png; sourceTree = "<group>"; };
		9F0D49D312DE146200210CA7 /* image3.jpg */ = {isa = PBXFileReference; lastKnownFileType = image.jpeg; path = image3.jpg; sourceTree = "<group>"; };
		9F0D4A9812DE4B7300210CA7 /* UIXGalleryController.h */ = {isa = PBXFileReference; fileEncoding = 4; lastKnownFileType = sourcecode.c.h; path = UIXGalleryController.h; sourceTree = "<group>"; };
		9F0D4A9912DE4B7300210CA7 /* UIXGalleryController.m */ = {isa = PBXFileReference; fileEncoding = 4; lastKnownFileType = sourcecode.c.objc; path = UIXGalleryController.m; sourceTree = "<group>"; };
		9F0D4A9B12DE4B8100210CA7 /* DatasourceItem.h */ = {isa = PBXFileReference; fileEncoding = 4; lastKnownFileType = sourcecode.c.h; name = DatasourceItem.h; path = TestAppFiles/DatasourceItem.h; sourceTree = "<group>"; };
		9F0D4A9C12DE4B8100210CA7 /* DatasourceItem.m */ = {isa = PBXFileReference; fileEncoding = 4; lastKnownFileType = sourcecode.c.objc; name = DatasourceItem.m; path = TestAppFiles/DatasourceItem.m; sourceTree = "<group>"; };
		9F0D4A9D12DE4B8100210CA7 /* DelayedDatasourceItem.h */ = {isa = PBXFileReference; fileEncoding = 4; lastKnownFileType = sourcecode.c.h; name = DelayedDatasourceItem.h; path = TestAppFiles/DelayedDatasourceItem.h; sourceTree = "<group>"; };
		9F0D4A9E12DE4B8100210CA7 /* DelayedDatasourceItem.m */ = {isa = PBXFileReference; fileEncoding = 4; lastKnownFileType = sourcecode.c.objc; name = DelayedDatasourceItem.m; path = TestAppFiles/DelayedDatasourceItem.m; sourceTree = "<group>"; };
		9F0D4A9F12DE4B8100210CA7 /* GalleryDatasource.h */ = {isa = PBXFileReference; fileEncoding = 4; lastKnownFileType = sourcecode.c.h; name = GalleryDatasource.h; path = TestAppFiles/GalleryDatasource.h; sourceTree = "<group>"; };
		9F0D4AA012DE4B8100210CA7 /* GalleryDatasource.m */ = {isa = PBXFileReference; fileEncoding = 4; lastKnownFileType = sourcecode.c.objc; name = GalleryDatasource.m; path = TestAppFiles/GalleryDatasource.m; sourceTree = "<group>"; };
		9F0D4AA112DE4B8100210CA7 /* UIXGalleryAppDelegate.h */ = {isa = PBXFileReference; fileEncoding = 4; lastKnownFileType = sourcecode.c.h; name = UIXGalleryAppDelegate.h; path = TestAppFiles/UIXGalleryAppDelegate.h; sourceTree = "<group>"; };
		9F0D4AA212DE4B8100210CA7 /* UIXGalleryAppDelegate.m */ = {isa = PBXFileReference; fileEncoding = 4; lastKnownFileType = sourcecode.c.objc; name = UIXGalleryAppDelegate.m; path = TestAppFiles/UIXGalleryAppDelegate.m; sourceTree = "<group>"; };
		9F0D4AA312DE4B8100210CA7 /* UIXGalleryViewController.h */ = {isa = PBXFileReference; fileEncoding = 4; lastKnownFileType = sourcecode.c.h; name = UIXGalleryViewController.h; path = TestAppFiles/UIXGalleryViewController.h; sourceTree = "<group>"; };
		9F0D4AA412DE4B8100210CA7 /* UIXGalleryViewController.m */ = {isa = PBXFileReference; fileEncoding = 4; lastKnownFileType = sourcecode.c.objc; name = UIXGalleryViewController.m; path = TestAppFiles/UIXGalleryViewController.m; sourceTree = "<group>"; };
		9F7BA3B312D4FB98008FE195 /* UIXGallery.xib */ = {isa = PBXFileReference; lastKnownFileType = file.xib; path = UIXGallery.xib; sourceTree = "<group>"; };
/* End PBXFileReference section */

/* Begin PBXFrameworksBuildPhase section */
		1D60588F0D05DD3D006BFB54 /* Frameworks */ = {
			isa = PBXFrameworksBuildPhase;
			buildActionMask = 2147483647;
			files = (
				1D60589F0D05DD5A006BFB54 /* Foundation.framework in Frameworks */,
				1DF5F4E00D08C38300B7A737 /* UIKit.framework in Frameworks */,
				9F05772A12D3C05200A6E745 /* QuartzCore.framework in Frameworks */,
				9F05773212D3C06700A6E745 /* CoreGraphics.framework in Frameworks */,
			);
			runOnlyForDeploymentPostprocessing = 0;
		};
/* End PBXFrameworksBuildPhase section */

/* Begin PBXGroup section */
		080E96DDFE201D6D7F000001 /* Classes */ = {
			isa = PBXGroup;
			children = (
				9F0D4A9B12DE4B8100210CA7 /* DatasourceItem.h */,
				9F0D4A9C12DE4B8100210CA7 /* DatasourceItem.m */,
				9F0D4A9D12DE4B8100210CA7 /* DelayedDatasourceItem.h */,
				9F0D4A9E12DE4B8100210CA7 /* DelayedDatasourceItem.m */,
				9F0D4A9F12DE4B8100210CA7 /* GalleryDatasource.h */,
				9F0D4AA012DE4B8100210CA7 /* GalleryDatasource.m */,
				9F0D4AA112DE4B8100210CA7 /* UIXGalleryAppDelegate.h */,
				9F0D4AA212DE4B8100210CA7 /* UIXGalleryAppDelegate.m */,
				9F0D4AA312DE4B8100210CA7 /* UIXGalleryViewController.h */,
				9F0D4AA412DE4B8100210CA7 /* UIXGalleryViewController.m */,
				9F0D4A9712DE4B7300210CA7 /* UIXGalleryViewFiles */,
			);
			path = Classes;
			sourceTree = "<group>";
		};
		19C28FACFE9D520D11CA2CBB /* Products */ = {
			isa = PBXGroup;
			children = (
				1D6058910D05DD3D006BFB54 /* UIXGallery.app */,
			);
			name = Products;
			sourceTree = "<group>";
		};
		29B97314FDCFA39411CA2CEA /* CustomTemplate */ = {
			isa = PBXGroup;
			children = (
				080E96DDFE201D6D7F000001 /* Classes */,
				29B97315FDCFA39411CA2CEA /* Other Sources */,
				29B97317FDCFA39411CA2CEA /* Resources */,
				29B97323FDCFA39411CA2CEA /* Frameworks */,
				19C28FACFE9D520D11CA2CBB /* Products */,
			);
			name = CustomTemplate;
			sourceTree = "<group>";
		};
		29B97315FDCFA39411CA2CEA /* Other Sources */ = {
			isa = PBXGroup;
			children = (
				32CA4F630368D1EE00C91783 /* UIXGallery_Prefix.pch */,
				29B97316FDCFA39411CA2CEA /* main.m */,
			);
			name = "Other Sources";
			sourceTree = "<group>";
		};
		29B97317FDCFA39411CA2CEA /* Resources */ = {
			isa = PBXGroup;
			children = (
				9F02462712D62ED700A2C93D /* graphics */,
				9F7BA3B312D4FB98008FE195 /* UIXGallery.xib */,
				2899E5210DE3E06400AC0155 /* UIXGalleryViewController.xib */,
				28AD733E0D9D9553002E5188 /* MainWindow.xib */,
				8D1107310486CEB800E47090 /* UIXGallery-Info.plist */,
			);
			name = Resources;
			sourceTree = "<group>";
		};
		29B97323FDCFA39411CA2CEA /* Frameworks */ = {
			isa = PBXGroup;
			children = (
				1DF5F4DF0D08C38300B7A737 /* UIKit.framework */,
				1D30AB110D05D00D00671497 /* Foundation.framework */,
				9F05772912D3C05200A6E745 /* QuartzCore.framework */,
				9F05773112D3C06700A6E745 /* CoreGraphics.framework */,
			);
			name = Frameworks;
			sourceTree = "<group>";
		};
		9F02462712D62ED700A2C93D /* graphics */ = {
			isa = PBXGroup;
			children = (
				9F0D49D312DE146200210CA7 /* image3.jpg */,
				9F02462A12D62ED700A2C93D /* image0.jpg */,
				9F0D49B612DE113700210CA7 /* image1.jpg */,
				9F0D49B712DE113700210CA7 /* image2.png */,
				9F02465012D635F000A2C93D /* gallery */,
			);
			path = graphics;
			sourceTree = "<group>";
		};
		9F02465012D635F000A2C93D /* gallery */ = {
			isa = PBXGroup;
			children = (
				9F02462812D62ED700A2C93D /* icon_arrow_left.png */,
				9F02462912D62ED700A2C93D /* icon_arrow_right.png */,
			);
			name = gallery;
			sourceTree = "<group>";
		};
		9F0D4A9712DE4B7300210CA7 /* UIXGalleryViewFiles */ = {
			isa = PBXGroup;
			children = (
				9F0D4A9812DE4B7300210CA7 /* UIXGalleryController.h */,
				9F0D4A9912DE4B7300210CA7 /* UIXGalleryController.m */,
			);
			path = UIXGalleryViewFiles;
			sourceTree = "<group>";
		};
/* End PBXGroup section */

/* Begin PBXNativeTarget section */
		1D6058900D05DD3D006BFB54 /* UIXGallery */ = {
			isa = PBXNativeTarget;
			buildConfigurationList = 1D6058960D05DD3E006BFB54 /* Build configuration list for PBXNativeTarget "UIXGallery" */;
			buildPhases = (
				1D60588D0D05DD3D006BFB54 /* Resources */,
				1D60588E0D05DD3D006BFB54 /* Sources */,
				1D60588F0D05DD3D006BFB54 /* Frameworks */,
			);
			buildRules = (
			);
			dependencies = (
			);
			name = UIXGallery;
			productName = UIXGallery;
			productReference = 1D6058910D05DD3D006BFB54 /* UIXGallery.app */;
			productType = "com.apple.product-type.application";
		};
/* End PBXNativeTarget section */

/* Begin PBXProject section */
		29B97313FDCFA39411CA2CEA /* Project object */ = {
			isa = PBXProject;
			buildConfigurationList = C01FCF4E08A954540054247B /* Build configuration list for PBXProject "UIXGallery" */;
			compatibilityVersion = "Xcode 3.1";
			developmentRegion = English;
			hasScannedForEncodings = 1;
			knownRegions = (
				English,
				Japanese,
				French,
				German,
			);
			mainGroup = 29B97314FDCFA39411CA2CEA /* CustomTemplate */;
			projectDirPath = "";
			projectRoot = "";
			targets = (
				1D6058900D05DD3D006BFB54 /* UIXGallery */,
			);
		};
/* End PBXProject section */

/* Begin PBXResourcesBuildPhase section */
		1D60588D0D05DD3D006BFB54 /* Resources */ = {
			isa = PBXResourcesBuildPhase;
			buildActionMask = 2147483647;
			files = (
				28AD733F0D9D9553002E5188 /* MainWindow.xib in Resources */,
				2899E5220DE3E06400AC0155 /* UIXGalleryViewController.xib in Resources */,
				9F02462B12D62ED700A2C93D /* icon_arrow_left.png in Resources */,
				9F02462C12D62ED700A2C93D /* icon_arrow_right.png in Resources */,
				9F02462D12D62ED700A2C93D /* image0.jpg in Resources */,
				9F0D49B812DE113700210CA7 /* image1.jpg in Resources */,
				9F0D49B912DE113700210CA7 /* image2.png in Resources */,
				9F0D49D412DE146200210CA7 /* image3.jpg in Resources */,
			);
			runOnlyForDeploymentPostprocessing = 0;
		};
/* End PBXResourcesBuildPhase section */

/* Begin PBXSourcesBuildPhase section */
		1D60588E0D05DD3D006BFB54 /* Sources */ = {
			isa = PBXSourcesBuildPhase;
			buildActionMask = 2147483647;
			files = (
				1D60589B0D05DD56006BFB54 /* main.m in Sources */,
				9F0D4A9A12DE4B7300210CA7 /* UIXGalleryController.m in Sources */,
				9F0D4AA512DE4B8100210CA7 /* DatasourceItem.m in Sources */,
				9F0D4AA612DE4B8100210CA7 /* DelayedDatasourceItem.m in Sources */,
				9F0D4AA712DE4B8100210CA7 /* GalleryDatasource.m in Sources */,
				9F0D4AA812DE4B8100210CA7 /* UIXGalleryAppDelegate.m in Sources */,
				9F0D4AA912DE4B8100210CA7 /* UIXGalleryViewController.m in Sources */,
			);
			runOnlyForDeploymentPostprocessing = 0;
		};
/* End PBXSourcesBuildPhase section */

/* Begin XCBuildConfiguration section */
		1D6058940D05DD3E006BFB54 /* Debug */ = {
			isa = XCBuildConfiguration;
			buildSettings = {
				ALWAYS_SEARCH_USER_PATHS = NO;
				COPY_PHASE_STRIP = NO;
				GCC_DYNAMIC_NO_PIC = NO;
				GCC_OPTIMIZATION_LEVEL = 0;
				GCC_PRECOMPILE_PREFIX_HEADER = YES;
				GCC_PREFIX_HEADER = UIXGallery_Prefix.pch;
				INFOPLIST_FILE = "UIXGallery-Info.plist";
				PRODUCT_NAME = UIXGallery;
			};
			name = Debug;
		};
		1D6058950D05DD3E006BFB54 /* Release */ = {
			isa = XCBuildConfiguration;
			buildSettings = {
				ALWAYS_SEARCH_USER_PATHS = NO;
				COPY_PHASE_STRIP = YES;
				GCC_PRECOMPILE_PREFIX_HEADER = YES;
				GCC_PREFIX_HEADER = UIXGallery_Prefix.pch;
				INFOPLIST_FILE = "UIXGallery-Info.plist";
				PRODUCT_NAME = UIXGallery;
				VALIDATE_PRODUCT = YES;
			};
			name = Release;
		};
		C01FCF4F08A954540054247B /* Debug */ = {
			isa = XCBuildConfiguration;
			buildSettings = {
				ARCHS = "$(ARCHS_STANDARD_32_BIT)";
				"CODE_SIGN_IDENTITY[sdk=iphoneos*]" = "iPhone Developer";
				GCC_C_LANGUAGE_STANDARD = c99;
				GCC_WARN_ABOUT_RETURN_TYPE = YES;
				GCC_WARN_UNUSED_VARIABLE = YES;
				PREBINDING = NO;
				SDKROOT = iphoneos;
			};
			name = Debug;
		};
		C01FCF5008A954540054247B /* Release */ = {
			isa = XCBuildConfiguration;
			buildSettings = {
				ARCHS = "$(ARCHS_STANDARD_32_BIT)";
				"CODE_SIGN_IDENTITY[sdk=iphoneos*]" = "iPhone Developer";
				GCC_C_LANGUAGE_STANDARD = c99;
				GCC_WARN_ABOUT_RETURN_TYPE = YES;
				GCC_WARN_UNUSED_VARIABLE = YES;
				OTHER_CFLAGS = "-DNS_BLOCK_ASSERTIONS=1";
				PREBINDING = NO;
				SDKROOT = iphoneos;
			};
			name = Release;
		};
/* End XCBuildConfiguration section */

/* Begin XCConfigurationList section */
		1D6058960D05DD3E006BFB54 /* Build configuration list for PBXNativeTarget "UIXGallery" */ = {
			isa = XCConfigurationList;
			buildConfigurations = (
				1D6058940D05DD3E006BFB54 /* Debug */,
				1D6058950D05DD3E006BFB54 /* Release */,
			);
			defaultConfigurationIsVisible = 0;
			defaultConfigurationName = Release;
		};
		C01FCF4E08A954540054247B /* Build configuration list for PBXProject "UIXGallery" */ = {
			isa = XCConfigurationList;
			buildConfigurations = (
				C01FCF4F08A954540054247B /* Debug */,
				C01FCF5008A954540054247B /* Release */,
			);
			defaultConfigurationIsVisible = 0;
			defaultConfigurationName = Release;
		};
/* End XCConfigurationList section */
	};
	rootObject = 29B97313FDCFA39411CA2CEA /* Project object */;
}
